
Microsoft Visual Studio Solution File, Format Version 12.00
# Visual Studio Version 17
VisualStudioVersion = 17.8.34408.163
MinimumVisualStudioVersion = 10.0.40219.1
Project("{9A19103F-16F7-4668-BE54-9A1E7A4F7556}") = "BBSeedsExtension", "BBSeedsExtension.csproj", "{F87816C5-8628-4693-8E4A-1325F6E24272}"
EndProject
Global
	GlobalSection(SolutionConfigurationPlatforms) = preSolution
		Debug|Any CPU = Debug|Any CPU
		Release|Any CPU = Release|Any CPU
	EndGlobalSection
	GlobalSection(ProjectConfigurationPlatforms) = postSolution
		{F87816C5-8628-4693-8E4A-1325F6E24272}.Debug|Any CPU.ActiveCfg = Debug|Any CPU
		{F87816C5-8628-4693-8E4A-1325F6E24272}.Debug|Any CPU.Build.0 = Debug|Any CPU
		{F87816C5-8628-4693-8E4A-1325F6E24272}.Release|Any CPU.ActiveCfg = Release|Any CPU
		{F87816C5-8628-4693-8E4A-1325F6E24272}.Release|Any CPU.Build.0 = Release|Any CPU
	EndGlobalSection
	GlobalSection(SolutionProperties) = preSolution
		HideSolutionNode = FALSE
	EndGlobalSection
	GlobalSection(ExtensibilityGlobals) = postSolution
		SolutionGuid = {D1557DEE-0632-4371-8625-04D21EE1EBAB}
	EndGlobalSection
EndGlobal
